
Microsoft Visual Studio Solution File, Format Version 12.00
# Visual Studio Version 17
VisualStudioVersion = 17.5.002.0
MinimumVisualStudioVersion = 10.0.40219.1
Project("{9A19103F-16F7-4668-BE54-9A1E7A4F7556}") = "Creating Delegates Events and EventArgs", "Creating-Delegates-Events-EventArgs.csproj", "{BBD60667-CE56-423D-920E-89E4206CC88D}"
EndProject
Global
	GlobalSection(SolutionConfigurationPlatforms) = preSolution
		Debug|Any CPU = Debug|Any CPU
		Release|Any CPU = Release|Any CPU
	EndGlobalSection
	GlobalSection(ProjectConfigurationPlatforms) = postSolution
		{BBD60667-CE56-423D-920E-89E4206CC88D}.Debug|Any CPU.ActiveCfg = Debug|Any CPU
		{BBD60667-CE56-423D-920E-89E4206CC88D}.Debug|Any CPU.Build.0 = Debug|Any CPU
		{BBD60667-CE56-423D-920E-89E4206CC88D}.Release|Any CPU.ActiveCfg = Release|Any CPU
		{BBD60667-CE56-423D-920E-89E4206CC88D}.Release|Any CPU.Build.0 = Release|Any CPU
	EndGlobalSection
	GlobalSection(SolutionProperties) = preSolution
		HideSolutionNode = FALSE
	EndGlobalSection
	GlobalSection(ExtensibilityGlobals) = postSolution
		SolutionGuid = {DCEAF21C-460F-45C2-B9B4-07A078A260E6}
	EndGlobalSection
EndGlobal
